
Microsoft Visual Studio Solution File, Format Version 12.00
# Visual Studio Version 16
VisualStudioVersion = 16.0.30204.135
MinimumVisualStudioVersion = 10.0.40219.1
Project("{FAE04EC0-301F-11D3-BF4B-00C04F79EFBC}") = "Netbasic_Dynamic_Object", "Netbasic_Dynamic_Object.csproj", "{8D117CCD-4D74-4C66-84FC-B7ACB6650730}"
EndProject
Global
	GlobalSection(SolutionConfigurationPlatforms) = preSolution
		Debug|Any CPU = Debug|Any CPU
		Release|Any CPU = Release|Any CPU
	EndGlobalSection
	GlobalSection(ProjectConfigurationPlatforms) = postSolution
		{8D117CCD-4D74-4C66-84FC-B7ACB6650730}.Debug|Any CPU.ActiveCfg = Debug|Any CPU
		{8D117CCD-4D74-4C66-84FC-B7ACB6650730}.Debug|Any CPU.Build.0 = Debug|Any CPU
		{8D117CCD-4D74-4C66-84FC-B7ACB6650730}.Release|Any CPU.ActiveCfg = Release|Any CPU
		{8D117CCD-4D74-4C66-84FC-B7ACB6650730}.Release|Any CPU.Build.0 = Release|Any CPU
	EndGlobalSection
	GlobalSection(SolutionProperties) = preSolution
		HideSolutionNode = FALSE
	EndGlobalSection
	GlobalSection(ExtensibilityGlobals) = postSolution
		SolutionGuid = {66613C1D-CA79-44BF-8029-3727EEE3185D}
	EndGlobalSection
EndGlobal
